
Microsoft Visual Studio Solution File, Format Version 12.00
# Visual Studio Version 17
VisualStudioVersion = 17.0.31919.166
MinimumVisualStudioVersion = 10.0.40219.1
Project("{9A19103F-16F7-4668-BE54-9A1E7A4F7556}") = "dotValidate.App", "dotValidate.App\dotValidate.App.csproj", "{C38C3262-D945-435E-A360-1B4AEBF7D2BF}"
EndProject
Project("{9A19103F-16F7-4668-BE54-9A1E7A4F7556}") = "dotValidate.Tests", "dotValidate.Tests\dotValidate.Tests.csproj", "{583C7600-732E-4DB6-B17A-4DD622FCA54F}"
EndProject
Project("{FAE04EC0-301F-11D3-BF4B-00C04F79EFBC}") = "dotValidate.DependencyInjection", "dotValidate.DependencyInjection\dotValidate.DependencyInjection.csproj", "{A1EB1549-7467-4AA9-8C82-9C95F3185EF3}"
EndProject
Project("{FAE04EC0-301F-11D3-BF4B-00C04F79EFBC}") = "dotValidate.Unity", "dotValidate.Unity\dotValidate.Unity.csproj", "{C96E5ECA-024B-4825-9225-1DCE239AEBA5}"
EndProject
Global
	GlobalSection(SolutionConfigurationPlatforms) = preSolution
		Debug|Any CPU = Debug|Any CPU
		Release|Any CPU = Release|Any CPU
	EndGlobalSection
	GlobalSection(ProjectConfigurationPlatforms) = postSolution
		{C38C3262-D945-435E-A360-1B4AEBF7D2BF}.Debug|Any CPU.ActiveCfg = Debug|Any CPU
		{C38C3262-D945-435E-A360-1B4AEBF7D2BF}.Debug|Any CPU.Build.0 = Debug|Any CPU
		{C38C3262-D945-435E-A360-1B4AEBF7D2BF}.Release|Any CPU.ActiveCfg = Release|Any CPU
		{C38C3262-D945-435E-A360-1B4AEBF7D2BF}.Release|Any CPU.Build.0 = Release|Any CPU
		{583C7600-732E-4DB6-B17A-4DD622FCA54F}.Debug|Any CPU.ActiveCfg = Debug|Any CPU
		{583C7600-732E-4DB6-B17A-4DD622FCA54F}.Debug|Any CPU.Build.0 = Debug|Any CPU
		{583C7600-732E-4DB6-B17A-4DD622FCA54F}.Release|Any CPU.ActiveCfg = Release|Any CPU
		{583C7600-732E-4DB6-B17A-4DD622FCA54F}.Release|Any CPU.Build.0 = Release|Any CPU
		{A1EB1549-7467-4AA9-8C82-9C95F3185EF3}.Debug|Any CPU.ActiveCfg = Debug|Any CPU
		{A1EB1549-7467-4AA9-8C82-9C95F3185EF3}.Debug|Any CPU.Build.0 = Debug|Any CPU
		{A1EB1549-7467-4AA9-8C82-9C95F3185EF3}.Release|Any CPU.ActiveCfg = Release|Any CPU
		{A1EB1549-7467-4AA9-8C82-9C95F3185EF3}.Release|Any CPU.Build.0 = Release|Any CPU
		{C96E5ECA-024B-4825-9225-1DCE239AEBA5}.Debug|Any CPU.ActiveCfg = Debug|Any CPU
		{C96E5ECA-024B-4825-9225-1DCE239AEBA5}.Debug|Any CPU.Build.0 = Debug|Any CPU
		{C96E5ECA-024B-4825-9225-1DCE239AEBA5}.Release|Any CPU.ActiveCfg = Release|Any CPU
		{C96E5ECA-024B-4825-9225-1DCE239AEBA5}.Release|Any CPU.Build.0 = Release|Any CPU
	EndGlobalSection
	GlobalSection(SolutionProperties) = preSolution
		HideSolutionNode = FALSE
	EndGlobalSection
	GlobalSection(ExtensibilityGlobals) = postSolution
		SolutionGuid = {AE87C6B7-F177-43BC-871A-C4E355E5F3CA}
	EndGlobalSection
EndGlobal
